
Microsoft Visual Studio Solution File, Format Version 12.00
# Visual Studio Version 17
VisualStudioVersion = 17.5.33530.505
MinimumVisualStudioVersion = 10.0.40219.1
Project("{FAE04EC0-301F-11D3-BF4B-00C04F79EFBC}") = "Examen 1 Melanny Viquez", "Examen 1 Melanny Viquez\Examen 1 Melanny Viquez.csproj", "{EA9D34FA-B152-48F5-B1C9-8488A1ED5E5A}"
EndProject
Global
	GlobalSection(SolutionConfigurationPlatforms) = preSolution
		Debug|Any CPU = Debug|Any CPU
		Release|Any CPU = Release|Any CPU
	EndGlobalSection
	GlobalSection(ProjectConfigurationPlatforms) = postSolution
		{EA9D34FA-B152-48F5-B1C9-8488A1ED5E5A}.Debug|Any CPU.ActiveCfg = Debug|Any CPU
		{EA9D34FA-B152-48F5-B1C9-8488A1ED5E5A}.Debug|Any CPU.Build.0 = Debug|Any CPU
		{EA9D34FA-B152-48F5-B1C9-8488A1ED5E5A}.Release|Any CPU.ActiveCfg = Release|Any CPU
		{EA9D34FA-B152-48F5-B1C9-8488A1ED5E5A}.Release|Any CPU.Build.0 = Release|Any CPU
	EndGlobalSection
	GlobalSection(SolutionProperties) = preSolution
		HideSolutionNode = FALSE
	EndGlobalSection
	GlobalSection(ExtensibilityGlobals) = postSolution
		SolutionGuid = {594E4FDA-2045-44BD-9E83-83009FC524AC}
	EndGlobalSection
EndGlobal
